
Microsoft Visual Studio Solution File, Format Version 12.00
# Visual Studio Version 17
VisualStudioVersion = 17.7.34031.279
MinimumVisualStudioVersion = 10.0.40219.1
Project("{888888A0-9F3D-457C-B088-3A5042F75D52}") = "Gravity", "Gravity\Gravity.pyproj", "{B49F1D6A-B07D-4224-A4CE-28578026FB4B}"
EndProject
Global
	GlobalSection(SolutionConfigurationPlatforms) = preSolution
		Debug|Any CPU = Debug|Any CPU
		Release|Any CPU = Release|Any CPU
	EndGlobalSection
	GlobalSection(ProjectConfigurationPlatforms) = postSolution
		{B49F1D6A-B07D-4224-A4CE-28578026FB4B}.Debug|Any CPU.ActiveCfg = Debug|Any CPU
		{B49F1D6A-B07D-4224-A4CE-28578026FB4B}.Release|Any CPU.ActiveCfg = Release|Any CPU
	EndGlobalSection
	GlobalSection(SolutionProperties) = preSolution
		HideSolutionNode = FALSE
	EndGlobalSection
	GlobalSection(ExtensibilityGlobals) = postSolution
		SolutionGuid = {E886F08D-4B4B-40E6-B226-6A53462A56E6}
	EndGlobalSection
EndGlobal
